
Microsoft Visual Studio Solution File, Format Version 12.00
# Visual Studio Version 17
VisualStudioVersion = 17.9.34622.214
MinimumVisualStudioVersion = 10.0.40219.1
Project("{9A19103F-16F7-4668-BE54-9A1E7A4F7556}") = "AspDotNet_MVC", "AspDotNet_MVC\AspDotNet_MVC.csproj", "{BF634DFB-0DDF-44E6-BFEA-18A8039EFDF5}"
EndProject
Project("{FAE04EC0-301F-11D3-BF4B-00C04F79EFBC}") = "API", "API\API.csproj", "{308CE205-CB3A-4D19-8477-483A615DE7D8}"
EndProject
Project("{FAE04EC0-301F-11D3-BF4B-00C04F79EFBC}") = "Infrastructure", "Infrastructure\Infrastructure.csproj", "{88A025B5-3F33-4E2F-AE96-4D6B4D3FC784}"
EndProject
Global
	GlobalSection(SolutionConfigurationPlatforms) = preSolution
		Debug|Any CPU = Debug|Any CPU
		Release|Any CPU = Release|Any CPU
	EndGlobalSection
	GlobalSection(ProjectConfigurationPlatforms) = postSolution
		{BF634DFB-0DDF-44E6-BFEA-18A8039EFDF5}.Debug|Any CPU.ActiveCfg = Debug|Any CPU
		{BF634DFB-0DDF-44E6-BFEA-18A8039EFDF5}.Debug|Any CPU.Build.0 = Debug|Any CPU
		{BF634DFB-0DDF-44E6-BFEA-18A8039EFDF5}.Release|Any CPU.ActiveCfg = Release|Any CPU
		{BF634DFB-0DDF-44E6-BFEA-18A8039EFDF5}.Release|Any CPU.Build.0 = Release|Any CPU
		{308CE205-CB3A-4D19-8477-483A615DE7D8}.Debug|Any CPU.ActiveCfg = Debug|Any CPU
		{308CE205-CB3A-4D19-8477-483A615DE7D8}.Debug|Any CPU.Build.0 = Debug|Any CPU
		{308CE205-CB3A-4D19-8477-483A615DE7D8}.Release|Any CPU.ActiveCfg = Release|Any CPU
		{308CE205-CB3A-4D19-8477-483A615DE7D8}.Release|Any CPU.Build.0 = Release|Any CPU
		{88A025B5-3F33-4E2F-AE96-4D6B4D3FC784}.Debug|Any CPU.ActiveCfg = Debug|Any CPU
		{88A025B5-3F33-4E2F-AE96-4D6B4D3FC784}.Debug|Any CPU.Build.0 = Debug|Any CPU
		{88A025B5-3F33-4E2F-AE96-4D6B4D3FC784}.Release|Any CPU.ActiveCfg = Release|Any CPU
		{88A025B5-3F33-4E2F-AE96-4D6B4D3FC784}.Release|Any CPU.Build.0 = Release|Any CPU
	EndGlobalSection
	GlobalSection(SolutionProperties) = preSolution
		HideSolutionNode = FALSE
	EndGlobalSection
	GlobalSection(ExtensibilityGlobals) = postSolution
		SolutionGuid = {A24CDA79-FEF1-4FF0-9B7B-5BB6503473F2}
	EndGlobalSection
EndGlobal
